
Microsoft Visual Studio Solution File, Format Version 12.00
# Visual Studio Version 16
VisualStudioVersion = 16.0.30011.22
MinimumVisualStudioVersion = 10.0.40219.1
Project("{FAE04EC0-301F-11D3-BF4B-00C04F79EFBC}") = "CentralitaHerencia", "CentralitaHerencia\CentralitaHerencia.csproj", "{7F7863BA-D7F9-4923-9079-153F8D7F8B07}"
EndProject
Project("{FAE04EC0-301F-11D3-BF4B-00C04F79EFBC}") = "Test", "Test\Test.csproj", "{D0C92958-52CC-4AB6-BDA3-C2984AE4A402}"
EndProject
Project("{FAE04EC0-301F-11D3-BF4B-00C04F79EFBC}") = "TestUnitarioCentralita", "TestUnitarioCentralita\TestUnitarioCentralita.csproj", "{2E6E39E9-BC10-4080-A231-29CC6F0A7DFA}"
EndProject
Global
	GlobalSection(SolutionConfigurationPlatforms) = preSolution
		Debug|Any CPU = Debug|Any CPU
		Release|Any CPU = Release|Any CPU
	EndGlobalSection
	GlobalSection(ProjectConfigurationPlatforms) = postSolution
		{7F7863BA-D7F9-4923-9079-153F8D7F8B07}.Debug|Any CPU.ActiveCfg = Debug|Any CPU
		{7F7863BA-D7F9-4923-9079-153F8D7F8B07}.Debug|Any CPU.Build.0 = Debug|Any CPU
		{7F7863BA-D7F9-4923-9079-153F8D7F8B07}.Release|Any CPU.ActiveCfg = Release|Any CPU
		{7F7863BA-D7F9-4923-9079-153F8D7F8B07}.Release|Any CPU.Build.0 = Release|Any CPU
		{D0C92958-52CC-4AB6-BDA3-C2984AE4A402}.Debug|Any CPU.ActiveCfg = Debug|Any CPU
		{D0C92958-52CC-4AB6-BDA3-C2984AE4A402}.Debug|Any CPU.Build.0 = Debug|Any CPU
		{D0C92958-52CC-4AB6-BDA3-C2984AE4A402}.Release|Any CPU.ActiveCfg = Release|Any CPU
		{D0C92958-52CC-4AB6-BDA3-C2984AE4A402}.Release|Any CPU.Build.0 = Release|Any CPU
		{2E6E39E9-BC10-4080-A231-29CC6F0A7DFA}.Debug|Any CPU.ActiveCfg = Debug|Any CPU
		{2E6E39E9-BC10-4080-A231-29CC6F0A7DFA}.Debug|Any CPU.Build.0 = Debug|Any CPU
		{2E6E39E9-BC10-4080-A231-29CC6F0A7DFA}.Release|Any CPU.ActiveCfg = Release|Any CPU
		{2E6E39E9-BC10-4080-A231-29CC6F0A7DFA}.Release|Any CPU.Build.0 = Release|Any CPU
	EndGlobalSection
	GlobalSection(SolutionProperties) = preSolution
		HideSolutionNode = FALSE
	EndGlobalSection
	GlobalSection(ExtensibilityGlobals) = postSolution
		SolutionGuid = {694762E5-F419-4F36-B230-626B6689A1C6}
	EndGlobalSection
EndGlobal
