
Microsoft Visual Studio Solution File, Format Version 12.00
# Visual Studio Version 16
VisualStudioVersion = 16.0.29911.84
MinimumVisualStudioVersion = 10.0.40219.1
Project("{9A19103F-16F7-4668-BE54-9A1E7A4F7556}") = "Ejer_05", "Ejer_05\Ejer_05.csproj", "{5F98C336-C823-4309-8A9E-459270D3FC59}"
EndProject
Project("{FAE04EC0-301F-11D3-BF4B-00C04F79EFBC}") = "Ejer_06", "Ejer_06\Ejer_06.csproj", "{67F96BAE-FEB8-4FB1-ABB6-906A6CB892CD}"
EndProject
Global
	GlobalSection(SolutionConfigurationPlatforms) = preSolution
		Debug|Any CPU = Debug|Any CPU
		Release|Any CPU = Release|Any CPU
	EndGlobalSection
	GlobalSection(ProjectConfigurationPlatforms) = postSolution
		{5F98C336-C823-4309-8A9E-459270D3FC59}.Debug|Any CPU.ActiveCfg = Debug|Any CPU
		{5F98C336-C823-4309-8A9E-459270D3FC59}.Debug|Any CPU.Build.0 = Debug|Any CPU
		{5F98C336-C823-4309-8A9E-459270D3FC59}.Release|Any CPU.ActiveCfg = Release|Any CPU
		{5F98C336-C823-4309-8A9E-459270D3FC59}.Release|Any CPU.Build.0 = Release|Any CPU
		{67F96BAE-FEB8-4FB1-ABB6-906A6CB892CD}.Debug|Any CPU.ActiveCfg = Debug|Any CPU
		{67F96BAE-FEB8-4FB1-ABB6-906A6CB892CD}.Debug|Any CPU.Build.0 = Debug|Any CPU
		{67F96BAE-FEB8-4FB1-ABB6-906A6CB892CD}.Release|Any CPU.ActiveCfg = Release|Any CPU
		{67F96BAE-FEB8-4FB1-ABB6-906A6CB892CD}.Release|Any CPU.Build.0 = Release|Any CPU
	EndGlobalSection
	GlobalSection(SolutionProperties) = preSolution
		HideSolutionNode = FALSE
	EndGlobalSection
	GlobalSection(ExtensibilityGlobals) = postSolution
		SolutionGuid = {23368D69-C678-4B8B-97E5-F3F2A26A32A1}
	EndGlobalSection
EndGlobal
