
Microsoft Visual Studio Solution File, Format Version 12.00
# Visual Studio Version 16
VisualStudioVersion = 16.0.30011.22
MinimumVisualStudioVersion = 10.0.40219.1
Project("{FAE04EC0-301F-11D3-BF4B-00C04F79EFBC}") = "Entidades", "Entidades\Entidades.csproj", "{61BED11D-57A0-4F6B-97E4-56D679DC6FCF}"
EndProject
Project("{FAE04EC0-301F-11D3-BF4B-00C04F79EFBC}") = "PruebaLavadero", "PruebaLavadero\PruebaLavadero.csproj", "{9FE193EB-B5DE-4715-BFB0-C6783C7BB3D6}"
EndProject
Project("{FAE04EC0-301F-11D3-BF4B-00C04F79EFBC}") = "MiLavadero", "MiLavadero\MiLavadero.csproj", "{97E7431F-7820-4A6B-AA84-1F56A106A5B5}"
EndProject
Global
	GlobalSection(SolutionConfigurationPlatforms) = preSolution
		Debug|Any CPU = Debug|Any CPU
		Release|Any CPU = Release|Any CPU
	EndGlobalSection
	GlobalSection(ProjectConfigurationPlatforms) = postSolution
		{61BED11D-57A0-4F6B-97E4-56D679DC6FCF}.Debug|Any CPU.ActiveCfg = Debug|Any CPU
		{61BED11D-57A0-4F6B-97E4-56D679DC6FCF}.Debug|Any CPU.Build.0 = Debug|Any CPU
		{61BED11D-57A0-4F6B-97E4-56D679DC6FCF}.Release|Any CPU.ActiveCfg = Release|Any CPU
		{61BED11D-57A0-4F6B-97E4-56D679DC6FCF}.Release|Any CPU.Build.0 = Release|Any CPU
		{9FE193EB-B5DE-4715-BFB0-C6783C7BB3D6}.Debug|Any CPU.ActiveCfg = Debug|Any CPU
		{9FE193EB-B5DE-4715-BFB0-C6783C7BB3D6}.Debug|Any CPU.Build.0 = Debug|Any CPU
		{9FE193EB-B5DE-4715-BFB0-C6783C7BB3D6}.Release|Any CPU.ActiveCfg = Release|Any CPU
		{9FE193EB-B5DE-4715-BFB0-C6783C7BB3D6}.Release|Any CPU.Build.0 = Release|Any CPU
		{97E7431F-7820-4A6B-AA84-1F56A106A5B5}.Debug|Any CPU.ActiveCfg = Debug|Any CPU
		{97E7431F-7820-4A6B-AA84-1F56A106A5B5}.Debug|Any CPU.Build.0 = Debug|Any CPU
		{97E7431F-7820-4A6B-AA84-1F56A106A5B5}.Release|Any CPU.ActiveCfg = Release|Any CPU
		{97E7431F-7820-4A6B-AA84-1F56A106A5B5}.Release|Any CPU.Build.0 = Release|Any CPU
	EndGlobalSection
	GlobalSection(SolutionProperties) = preSolution
		HideSolutionNode = FALSE
	EndGlobalSection
	GlobalSection(ExtensibilityGlobals) = postSolution
		SolutionGuid = {83A5CFAE-9451-4473-BD35-CF62DCBC1C6D}
	EndGlobalSection
EndGlobal
