
Microsoft Visual Studio Solution File, Format Version 12.00
# Visual Studio Version 16
VisualStudioVersion = 16.0.29911.84
MinimumVisualStudioVersion = 10.0.40219.1
Project("{FAE04EC0-301F-11D3-BF4B-00C04F79EFBC}") = "Ejercicio_Integrador_Clase05", "Ejercicio_Integrador_Clase05\Ejercicio_Integrador_Clase05.csproj", "{4869EC71-C16D-460F-A675-0C295B30B43E}"
EndProject
Global
	GlobalSection(SolutionConfigurationPlatforms) = preSolution
		Debug|Any CPU = Debug|Any CPU
		Release|Any CPU = Release|Any CPU
	EndGlobalSection
	GlobalSection(ProjectConfigurationPlatforms) = postSolution
		{4869EC71-C16D-460F-A675-0C295B30B43E}.Debug|Any CPU.ActiveCfg = Debug|Any CPU
		{4869EC71-C16D-460F-A675-0C295B30B43E}.Debug|Any CPU.Build.0 = Debug|Any CPU
		{4869EC71-C16D-460F-A675-0C295B30B43E}.Release|Any CPU.ActiveCfg = Release|Any CPU
		{4869EC71-C16D-460F-A675-0C295B30B43E}.Release|Any CPU.Build.0 = Release|Any CPU
	EndGlobalSection
	GlobalSection(SolutionProperties) = preSolution
		HideSolutionNode = FALSE
	EndGlobalSection
	GlobalSection(ExtensibilityGlobals) = postSolution
		SolutionGuid = {2DF4F86C-D3B1-421D-BBE3-309C6B377397}
	EndGlobalSection
EndGlobal
