
Microsoft Visual Studio Solution File, Format Version 12.00
# Visual Studio Version 16
VisualStudioVersion = 16.0.29911.84
MinimumVisualStudioVersion = 10.0.40219.1
Project("{FAE04EC0-301F-11D3-BF4B-00C04F79EFBC}") = "Ejer_01", "Clase01\Ejer_01.csproj", "{871D0C30-75BE-4ACB-9030-23D2F025A4CE}"
EndProject
Project("{FAE04EC0-301F-11D3-BF4B-00C04F79EFBC}") = "Ejer_02", "otro_proyecto\Ejer_02.csproj", "{C8C124C4-4701-423E-8D67-70A2A6100516}"
EndProject
Global
	GlobalSection(SolutionConfigurationPlatforms) = preSolution
		Debug|Any CPU = Debug|Any CPU
		Release|Any CPU = Release|Any CPU
	EndGlobalSection
	GlobalSection(ProjectConfigurationPlatforms) = postSolution
		{871D0C30-75BE-4ACB-9030-23D2F025A4CE}.Debug|Any CPU.ActiveCfg = Debug|Any CPU
		{871D0C30-75BE-4ACB-9030-23D2F025A4CE}.Debug|Any CPU.Build.0 = Debug|Any CPU
		{871D0C30-75BE-4ACB-9030-23D2F025A4CE}.Release|Any CPU.ActiveCfg = Release|Any CPU
		{871D0C30-75BE-4ACB-9030-23D2F025A4CE}.Release|Any CPU.Build.0 = Release|Any CPU
		{C8C124C4-4701-423E-8D67-70A2A6100516}.Debug|Any CPU.ActiveCfg = Debug|Any CPU
		{C8C124C4-4701-423E-8D67-70A2A6100516}.Debug|Any CPU.Build.0 = Debug|Any CPU
		{C8C124C4-4701-423E-8D67-70A2A6100516}.Release|Any CPU.ActiveCfg = Release|Any CPU
		{C8C124C4-4701-423E-8D67-70A2A6100516}.Release|Any CPU.Build.0 = Release|Any CPU
	EndGlobalSection
	GlobalSection(SolutionProperties) = preSolution
		HideSolutionNode = FALSE
	EndGlobalSection
	GlobalSection(ExtensibilityGlobals) = postSolution
		SolutionGuid = {9B9468B1-FD60-411C-83A4-C49925066ABC}
	EndGlobalSection
EndGlobal
