
Microsoft Visual Studio Solution File, Format Version 12.00
# Visual Studio Version 16
VisualStudioVersion = 16.0.29911.84
MinimumVisualStudioVersion = 10.0.40219.1
Project("{9A19103F-16F7-4668-BE54-9A1E7A4F7556}") = "Ejer_03", "Ejer_03\Ejer_03.csproj", "{3C199AE3-E39F-4614-8250-0B83530A29C8}"
EndProject
Project("{FAE04EC0-301F-11D3-BF4B-00C04F79EFBC}") = "Ejer_04", "Ejer_04\Ejer_04.csproj", "{2565904B-5F93-4E7B-B887-250FECC7E68E}"
EndProject
Global
	GlobalSection(SolutionConfigurationPlatforms) = preSolution
		Debug|Any CPU = Debug|Any CPU
		Release|Any CPU = Release|Any CPU
	EndGlobalSection
	GlobalSection(ProjectConfigurationPlatforms) = postSolution
		{3C199AE3-E39F-4614-8250-0B83530A29C8}.Debug|Any CPU.ActiveCfg = Debug|Any CPU
		{3C199AE3-E39F-4614-8250-0B83530A29C8}.Debug|Any CPU.Build.0 = Debug|Any CPU
		{3C199AE3-E39F-4614-8250-0B83530A29C8}.Release|Any CPU.ActiveCfg = Release|Any CPU
		{3C199AE3-E39F-4614-8250-0B83530A29C8}.Release|Any CPU.Build.0 = Release|Any CPU
		{2565904B-5F93-4E7B-B887-250FECC7E68E}.Debug|Any CPU.ActiveCfg = Debug|Any CPU
		{2565904B-5F93-4E7B-B887-250FECC7E68E}.Debug|Any CPU.Build.0 = Debug|Any CPU
		{2565904B-5F93-4E7B-B887-250FECC7E68E}.Release|Any CPU.ActiveCfg = Release|Any CPU
		{2565904B-5F93-4E7B-B887-250FECC7E68E}.Release|Any CPU.Build.0 = Release|Any CPU
	EndGlobalSection
	GlobalSection(SolutionProperties) = preSolution
		HideSolutionNode = FALSE
	EndGlobalSection
	GlobalSection(ExtensibilityGlobals) = postSolution
		SolutionGuid = {A7BD9D8C-F220-4C64-A445-B5425A35FE18}
	EndGlobalSection
EndGlobal
