
Microsoft Visual Studio Solution File, Format Version 12.00
# Visual Studio Version 16
VisualStudioVersion = 16.0.30011.22
MinimumVisualStudioVersion = 10.0.40219.1
Project("{FAE04EC0-301F-11D3-BF4B-00C04F79EFBC}") = "PruebaEntidades", "PruebaEntidades\PruebaEntidades.csproj", "{274536A3-4238-4164-9863-BE68C9CE560A}"
EndProject
Project("{FAE04EC0-301F-11D3-BF4B-00C04F79EFBC}") = "Entidades", "Entidades\Entidades.csproj", "{40978498-9C9E-407F-ADD0-0985A888E8C3}"
EndProject
Global
	GlobalSection(SolutionConfigurationPlatforms) = preSolution
		Debug|Any CPU = Debug|Any CPU
		Release|Any CPU = Release|Any CPU
	EndGlobalSection
	GlobalSection(ProjectConfigurationPlatforms) = postSolution
		{274536A3-4238-4164-9863-BE68C9CE560A}.Debug|Any CPU.ActiveCfg = Debug|Any CPU
		{274536A3-4238-4164-9863-BE68C9CE560A}.Debug|Any CPU.Build.0 = Debug|Any CPU
		{274536A3-4238-4164-9863-BE68C9CE560A}.Release|Any CPU.ActiveCfg = Release|Any CPU
		{274536A3-4238-4164-9863-BE68C9CE560A}.Release|Any CPU.Build.0 = Release|Any CPU
		{40978498-9C9E-407F-ADD0-0985A888E8C3}.Debug|Any CPU.ActiveCfg = Debug|Any CPU
		{40978498-9C9E-407F-ADD0-0985A888E8C3}.Debug|Any CPU.Build.0 = Debug|Any CPU
		{40978498-9C9E-407F-ADD0-0985A888E8C3}.Release|Any CPU.ActiveCfg = Release|Any CPU
		{40978498-9C9E-407F-ADD0-0985A888E8C3}.Release|Any CPU.Build.0 = Release|Any CPU
	EndGlobalSection
	GlobalSection(SolutionProperties) = preSolution
		HideSolutionNode = FALSE
	EndGlobalSection
	GlobalSection(ExtensibilityGlobals) = postSolution
		SolutionGuid = {057D262E-9F8D-4500-A165-44FCC09EF2D6}
	EndGlobalSection
EndGlobal
