
Microsoft Visual Studio Solution File, Format Version 12.00
# Visual Studio Version 16
VisualStudioVersion = 16.0.29911.84
MinimumVisualStudioVersion = 10.0.40219.1
Project("{FAE04EC0-301F-11D3-BF4B-00C04F79EFBC}") = "Ejer_013", "Ejer_013\Ejer_013.csproj", "{2C93E681-A924-41BB-BBD8-5220699F3F13}"
EndProject
Project("{FAE04EC0-301F-11D3-BF4B-00C04F79EFBC}") = "Ejer_016", "Ejer_016\Ejer_016.csproj", "{6FED119B-EB07-45BE-B2DA-481A1C60B0C3}"
EndProject
Global
	GlobalSection(SolutionConfigurationPlatforms) = preSolution
		Debug|Any CPU = Debug|Any CPU
		Release|Any CPU = Release|Any CPU
	EndGlobalSection
	GlobalSection(ProjectConfigurationPlatforms) = postSolution
		{2C93E681-A924-41BB-BBD8-5220699F3F13}.Debug|Any CPU.ActiveCfg = Debug|Any CPU
		{2C93E681-A924-41BB-BBD8-5220699F3F13}.Debug|Any CPU.Build.0 = Debug|Any CPU
		{2C93E681-A924-41BB-BBD8-5220699F3F13}.Release|Any CPU.ActiveCfg = Release|Any CPU
		{2C93E681-A924-41BB-BBD8-5220699F3F13}.Release|Any CPU.Build.0 = Release|Any CPU
		{6FED119B-EB07-45BE-B2DA-481A1C60B0C3}.Debug|Any CPU.ActiveCfg = Debug|Any CPU
		{6FED119B-EB07-45BE-B2DA-481A1C60B0C3}.Debug|Any CPU.Build.0 = Debug|Any CPU
		{6FED119B-EB07-45BE-B2DA-481A1C60B0C3}.Release|Any CPU.ActiveCfg = Release|Any CPU
		{6FED119B-EB07-45BE-B2DA-481A1C60B0C3}.Release|Any CPU.Build.0 = Release|Any CPU
	EndGlobalSection
	GlobalSection(SolutionProperties) = preSolution
		HideSolutionNode = FALSE
	EndGlobalSection
	GlobalSection(ExtensibilityGlobals) = postSolution
		SolutionGuid = {69D8D5D8-5FA6-47F2-88D0-E2E7CBB82489}
	EndGlobalSection
EndGlobal
