
Microsoft Visual Studio Solution File, Format Version 12.00
# Visual Studio Version 16
VisualStudioVersion = 16.0.30204.135
MinimumVisualStudioVersion = 10.0.40219.1
Project("{FAE04EC0-301F-11D3-BF4B-00C04F79EFBC}") = "SP", "WindowsFormsApp1\SP.csproj", "{67DD5444-BFD0-44D3-B7FE-DF11E6424C94}"
EndProject
Project("{FAE04EC0-301F-11D3-BF4B-00C04F79EFBC}") = "Entidades", "Entidades\Entidades.csproj", "{D0EA6166-8CE6-43C9-B4B5-C6F224BD9D0D}"
EndProject
Global
	GlobalSection(SolutionConfigurationPlatforms) = preSolution
		Debug|Any CPU = Debug|Any CPU
		Release|Any CPU = Release|Any CPU
	EndGlobalSection
	GlobalSection(ProjectConfigurationPlatforms) = postSolution
		{67DD5444-BFD0-44D3-B7FE-DF11E6424C94}.Debug|Any CPU.ActiveCfg = Debug|Any CPU
		{67DD5444-BFD0-44D3-B7FE-DF11E6424C94}.Debug|Any CPU.Build.0 = Debug|Any CPU
		{67DD5444-BFD0-44D3-B7FE-DF11E6424C94}.Release|Any CPU.ActiveCfg = Release|Any CPU
		{67DD5444-BFD0-44D3-B7FE-DF11E6424C94}.Release|Any CPU.Build.0 = Release|Any CPU
		{D0EA6166-8CE6-43C9-B4B5-C6F224BD9D0D}.Debug|Any CPU.ActiveCfg = Debug|Any CPU
		{D0EA6166-8CE6-43C9-B4B5-C6F224BD9D0D}.Debug|Any CPU.Build.0 = Debug|Any CPU
		{D0EA6166-8CE6-43C9-B4B5-C6F224BD9D0D}.Release|Any CPU.ActiveCfg = Release|Any CPU
		{D0EA6166-8CE6-43C9-B4B5-C6F224BD9D0D}.Release|Any CPU.Build.0 = Release|Any CPU
	EndGlobalSection
	GlobalSection(SolutionProperties) = preSolution
		HideSolutionNode = FALSE
	EndGlobalSection
	GlobalSection(ExtensibilityGlobals) = postSolution
		SolutionGuid = {F378F15A-F7A0-4BC5-9068-9C32174DE941}
	EndGlobalSection
EndGlobal
