
Microsoft Visual Studio Solution File, Format Version 12.00
# Visual Studio Version 16
VisualStudioVersion = 16.0.30011.22
MinimumVisualStudioVersion = 10.0.40219.1
Project("{FAE04EC0-301F-11D3-BF4B-00C04F79EFBC}") = "Ejer_026", "..\Ejer_026\Ejer_026.csproj", "{DED06F70-DD9E-4C42-BC3C-BB7BCBCC0AA6}"
EndProject
Project("{FAE04EC0-301F-11D3-BF4B-00C04F79EFBC}") = "Ejer_027", "..\Ejer_027\Ejer_027.csproj", "{5C28C7BD-29B7-437C-A5AB-ADC4FB0A6165}"
EndProject
Global
	GlobalSection(SolutionConfigurationPlatforms) = preSolution
		Debug|Any CPU = Debug|Any CPU
		Release|Any CPU = Release|Any CPU
	EndGlobalSection
	GlobalSection(ProjectConfigurationPlatforms) = postSolution
		{DED06F70-DD9E-4C42-BC3C-BB7BCBCC0AA6}.Debug|Any CPU.ActiveCfg = Debug|Any CPU
		{DED06F70-DD9E-4C42-BC3C-BB7BCBCC0AA6}.Debug|Any CPU.Build.0 = Debug|Any CPU
		{DED06F70-DD9E-4C42-BC3C-BB7BCBCC0AA6}.Release|Any CPU.ActiveCfg = Release|Any CPU
		{DED06F70-DD9E-4C42-BC3C-BB7BCBCC0AA6}.Release|Any CPU.Build.0 = Release|Any CPU
		{5C28C7BD-29B7-437C-A5AB-ADC4FB0A6165}.Debug|Any CPU.ActiveCfg = Debug|Any CPU
		{5C28C7BD-29B7-437C-A5AB-ADC4FB0A6165}.Debug|Any CPU.Build.0 = Debug|Any CPU
		{5C28C7BD-29B7-437C-A5AB-ADC4FB0A6165}.Release|Any CPU.ActiveCfg = Release|Any CPU
		{5C28C7BD-29B7-437C-A5AB-ADC4FB0A6165}.Release|Any CPU.Build.0 = Release|Any CPU
	EndGlobalSection
	GlobalSection(SolutionProperties) = preSolution
		HideSolutionNode = FALSE
	EndGlobalSection
	GlobalSection(ExtensibilityGlobals) = postSolution
		SolutionGuid = {92759639-9F89-4A74-8128-D477EC010B80}
	EndGlobalSection
EndGlobal
