
Microsoft Visual Studio Solution File, Format Version 12.00
# Visual Studio Version 16
VisualStudioVersion = 16.0.29911.84
MinimumVisualStudioVersion = 10.0.40219.1
Project("{FAE04EC0-301F-11D3-BF4B-00C04F79EFBC}") = "Clase_03", "Clase_03\Clase_03.csproj", "{2194E28A-82D6-43AB-9A70-30211BA4676F}"
EndProject
Project("{FAE04EC0-301F-11D3-BF4B-00C04F79EFBC}") = "Clase03_Ejer", "Clase03_Ejer\Clase03_Ejer.csproj", "{CCCA01F2-63ED-4CB8-B6C6-881878663EBA}"
EndProject
Global
	GlobalSection(SolutionConfigurationPlatforms) = preSolution
		Debug|Any CPU = Debug|Any CPU
		Release|Any CPU = Release|Any CPU
	EndGlobalSection
	GlobalSection(ProjectConfigurationPlatforms) = postSolution
		{2194E28A-82D6-43AB-9A70-30211BA4676F}.Debug|Any CPU.ActiveCfg = Debug|Any CPU
		{2194E28A-82D6-43AB-9A70-30211BA4676F}.Debug|Any CPU.Build.0 = Debug|Any CPU
		{2194E28A-82D6-43AB-9A70-30211BA4676F}.Release|Any CPU.ActiveCfg = Release|Any CPU
		{2194E28A-82D6-43AB-9A70-30211BA4676F}.Release|Any CPU.Build.0 = Release|Any CPU
		{CCCA01F2-63ED-4CB8-B6C6-881878663EBA}.Debug|Any CPU.ActiveCfg = Debug|Any CPU
		{CCCA01F2-63ED-4CB8-B6C6-881878663EBA}.Debug|Any CPU.Build.0 = Debug|Any CPU
		{CCCA01F2-63ED-4CB8-B6C6-881878663EBA}.Release|Any CPU.ActiveCfg = Release|Any CPU
		{CCCA01F2-63ED-4CB8-B6C6-881878663EBA}.Release|Any CPU.Build.0 = Release|Any CPU
	EndGlobalSection
	GlobalSection(SolutionProperties) = preSolution
		HideSolutionNode = FALSE
	EndGlobalSection
	GlobalSection(ExtensibilityGlobals) = postSolution
		SolutionGuid = {325407CA-4BAF-42CC-AA8A-D89B52BCF495}
	EndGlobalSection
EndGlobal
